
Microsoft Visual Studio Solution File, Format Version 12.00
# Visual Studio Version 17
VisualStudioVersion = 17.3.32901.215
MinimumVisualStudioVersion = 10.0.40219.1
Project("{FAE04EC0-301F-11D3-BF4B-00C04F79EFBC}") = "WindowsFormsApp1", "WindowsFormsApp1\WindowsFormsApp1.csproj", "{DCB317D2-EFF8-42E3-969F-D952ED32E129}"
EndProject
Project("{FAE04EC0-301F-11D3-BF4B-00C04F79EFBC}") = "WindowsFormsApp2", "WindowsFormsApp2\WindowsFormsApp2.csproj", "{0D60868A-0C63-4CB5-9A92-6EB8FD9F7148}"
EndProject
Project("{FAE04EC0-301F-11D3-BF4B-00C04F79EFBC}") = "WindowsFormsApp3", "WindowsFormsApp3\WindowsFormsApp3.csproj", "{92431765-C674-4840-9822-8B36406BA83C}"
EndProject
Project("{FAE04EC0-301F-11D3-BF4B-00C04F79EFBC}") = "WindowsFormsApp4", "WindowsFormsApp4\WindowsFormsApp4.csproj", "{1C403ED8-6CDD-4300-A3FC-1B661C45683A}"
EndProject
Project("{FAE04EC0-301F-11D3-BF4B-00C04F79EFBC}") = "WindowsFormsApp5", "WindowsFormsApp5\WindowsFormsApp5.csproj", "{C1AD1945-B3AA-492B-B643-75A846D348FE}"
EndProject
Project("{FAE04EC0-301F-11D3-BF4B-00C04F79EFBC}") = "WindowsFormsApp6", "WindowsFormsApp6\WindowsFormsApp6.csproj", "{E67CF015-440D-4963-976A-E679E6D00331}"
EndProject
Project("{FAE04EC0-301F-11D3-BF4B-00C04F79EFBC}") = "WindowsFormsApp7", "WindowsFormsApp7\WindowsFormsApp7.csproj", "{646E863C-B8DC-49D7-A9C6-5C0F4756E19C}"
EndProject
Project("{FAE04EC0-301F-11D3-BF4B-00C04F79EFBC}") = "WindowsFormsApp8", "WindowsFormsApp8\WindowsFormsApp8.csproj", "{41A5F8E8-93A2-4646-84D8-D7F0CE526182}"
EndProject
Project("{FAE04EC0-301F-11D3-BF4B-00C04F79EFBC}") = "WindowsFormsApp9", "WindowsFormsApp9\WindowsFormsApp9.csproj", "{CA80CCCB-C96C-4ED8-87C1-EB40068D2A01}"
EndProject
Project("{FAE04EC0-301F-11D3-BF4B-00C04F79EFBC}") = "WindowsFormsApp10", "WindowsFormsApp10\WindowsFormsApp10.csproj", "{DC661494-2AFF-47B5-9BA0-B15227C2E674}"
EndProject
Project("{FAE04EC0-301F-11D3-BF4B-00C04F79EFBC}") = "Autotile", "Autotile\Autotile.csproj", "{E2A55859-47EE-4083-A9EF-C2FF4AA439A3}"
EndProject
Project("{FAE04EC0-301F-11D3-BF4B-00C04F79EFBC}") = "WindowsFormsApp11", "WindowsFormsApp11\WindowsFormsApp11.csproj", "{4B4CB000-D8B3-446B-BE1C-132BF6D29BB2}"
EndProject
Project("{FAE04EC0-301F-11D3-BF4B-00C04F79EFBC}") = "WindowsFormsApp12", "WindowsFormsApp12\WindowsFormsApp12.csproj", "{6557F2AB-557E-46B6-9CDF-95AF9FF2791E}"
EndProject
Project("{FAE04EC0-301F-11D3-BF4B-00C04F79EFBC}") = "Pipes", "Pipes\Pipes.csproj", "{12303674-0EC4-44D7-AC15-270173AB5D26}"
EndProject
Project("{FAE04EC0-301F-11D3-BF4B-00C04F79EFBC}") = "Maze", "Maze\Maze.csproj", "{C395AB57-BFFB-4DE9-8C7A-0C1F3E65785D}"
EndProject
Project("{FAE04EC0-301F-11D3-BF4B-00C04F79EFBC}") = "RetfarC", "RetfarC\RetfarC.csproj", "{5E4D72CC-196A-4069-BA8E-E7299F2DF238}"
EndProject
Project("{FAE04EC0-301F-11D3-BF4B-00C04F79EFBC}") = "DOSBOX", "DOSBOX\DOSBOX.csproj", "{AF79981D-A533-4AF5-9F6B-C65C03C30B37}"
EndProject
Project("{FAE04EC0-301F-11D3-BF4B-00C04F79EFBC}") = "WindowsFormsApp13", "WindowsFormsApp13\WindowsFormsApp13.csproj", "{76C7D3F9-DFBF-41B0-B07B-30BD9FE4B58A}"
EndProject
Project("{FAE04EC0-301F-11D3-BF4B-00C04F79EFBC}") = "WindowsFormsApp14", "WindowsFormsApp14\WindowsFormsApp14.csproj", "{D0457FD3-0919-47F9-B217-A572359F88F7}"
EndProject
Project("{FAE04EC0-301F-11D3-BF4B-00C04F79EFBC}") = "WindowsCardsApp15", "WindowsCardsApp15\WindowsCardsApp15.csproj", "{31BD32C2-8EA7-4C9A-971E-8C3FF4FDB11A}"
EndProject
Global
	GlobalSection(SolutionConfigurationPlatforms) = preSolution
		Debug|Any CPU = Debug|Any CPU
		Release|Any CPU = Release|Any CPU
	EndGlobalSection
	GlobalSection(ProjectConfigurationPlatforms) = postSolution
		{DCB317D2-EFF8-42E3-969F-D952ED32E129}.Debug|Any CPU.ActiveCfg = Debug|Any CPU
		{DCB317D2-EFF8-42E3-969F-D952ED32E129}.Debug|Any CPU.Build.0 = Debug|Any CPU
		{DCB317D2-EFF8-42E3-969F-D952ED32E129}.Release|Any CPU.ActiveCfg = Release|Any CPU
		{DCB317D2-EFF8-42E3-969F-D952ED32E129}.Release|Any CPU.Build.0 = Release|Any CPU
		{0D60868A-0C63-4CB5-9A92-6EB8FD9F7148}.Debug|Any CPU.ActiveCfg = Debug|Any CPU
		{0D60868A-0C63-4CB5-9A92-6EB8FD9F7148}.Debug|Any CPU.Build.0 = Debug|Any CPU
		{0D60868A-0C63-4CB5-9A92-6EB8FD9F7148}.Release|Any CPU.ActiveCfg = Release|Any CPU
		{0D60868A-0C63-4CB5-9A92-6EB8FD9F7148}.Release|Any CPU.Build.0 = Release|Any CPU
		{92431765-C674-4840-9822-8B36406BA83C}.Debug|Any CPU.ActiveCfg = Debug|Any CPU
		{92431765-C674-4840-9822-8B36406BA83C}.Debug|Any CPU.Build.0 = Debug|Any CPU
		{92431765-C674-4840-9822-8B36406BA83C}.Release|Any CPU.ActiveCfg = Release|Any CPU
		{92431765-C674-4840-9822-8B36406BA83C}.Release|Any CPU.Build.0 = Release|Any CPU
		{1C403ED8-6CDD-4300-A3FC-1B661C45683A}.Debug|Any CPU.ActiveCfg = Debug|Any CPU
		{1C403ED8-6CDD-4300-A3FC-1B661C45683A}.Debug|Any CPU.Build.0 = Debug|Any CPU
		{1C403ED8-6CDD-4300-A3FC-1B661C45683A}.Release|Any CPU.ActiveCfg = Release|Any CPU
		{1C403ED8-6CDD-4300-A3FC-1B661C45683A}.Release|Any CPU.Build.0 = Release|Any CPU
		{C1AD1945-B3AA-492B-B643-75A846D348FE}.Debug|Any CPU.ActiveCfg = Debug|Any CPU
		{C1AD1945-B3AA-492B-B643-75A846D348FE}.Debug|Any CPU.Build.0 = Debug|Any CPU
		{C1AD1945-B3AA-492B-B643-75A846D348FE}.Release|Any CPU.ActiveCfg = Release|Any CPU
		{C1AD1945-B3AA-492B-B643-75A846D348FE}.Release|Any CPU.Build.0 = Release|Any CPU
		{E67CF015-440D-4963-976A-E679E6D00331}.Debug|Any CPU.ActiveCfg = Debug|Any CPU
		{E67CF015-440D-4963-976A-E679E6D00331}.Debug|Any CPU.Build.0 = Debug|Any CPU
		{E67CF015-440D-4963-976A-E679E6D00331}.Release|Any CPU.ActiveCfg = Release|Any CPU
		{E67CF015-440D-4963-976A-E679E6D00331}.Release|Any CPU.Build.0 = Release|Any CPU
		{646E863C-B8DC-49D7-A9C6-5C0F4756E19C}.Debug|Any CPU.ActiveCfg = Debug|Any CPU
		{646E863C-B8DC-49D7-A9C6-5C0F4756E19C}.Debug|Any CPU.Build.0 = Debug|Any CPU
		{646E863C-B8DC-49D7-A9C6-5C0F4756E19C}.Release|Any CPU.ActiveCfg = Release|Any CPU
		{646E863C-B8DC-49D7-A9C6-5C0F4756E19C}.Release|Any CPU.Build.0 = Release|Any CPU
		{41A5F8E8-93A2-4646-84D8-D7F0CE526182}.Debug|Any CPU.ActiveCfg = Debug|Any CPU
		{41A5F8E8-93A2-4646-84D8-D7F0CE526182}.Debug|Any CPU.Build.0 = Debug|Any CPU
		{41A5F8E8-93A2-4646-84D8-D7F0CE526182}.Release|Any CPU.ActiveCfg = Release|Any CPU
		{41A5F8E8-93A2-4646-84D8-D7F0CE526182}.Release|Any CPU.Build.0 = Release|Any CPU
		{CA80CCCB-C96C-4ED8-87C1-EB40068D2A01}.Debug|Any CPU.ActiveCfg = Debug|Any CPU
		{CA80CCCB-C96C-4ED8-87C1-EB40068D2A01}.Debug|Any CPU.Build.0 = Debug|Any CPU
		{CA80CCCB-C96C-4ED8-87C1-EB40068D2A01}.Release|Any CPU.ActiveCfg = Release|Any CPU
		{CA80CCCB-C96C-4ED8-87C1-EB40068D2A01}.Release|Any CPU.Build.0 = Release|Any CPU
		{DC661494-2AFF-47B5-9BA0-B15227C2E674}.Debug|Any CPU.ActiveCfg = Debug|Any CPU
		{DC661494-2AFF-47B5-9BA0-B15227C2E674}.Debug|Any CPU.Build.0 = Debug|Any CPU
		{DC661494-2AFF-47B5-9BA0-B15227C2E674}.Release|Any CPU.ActiveCfg = Release|Any CPU
		{DC661494-2AFF-47B5-9BA0-B15227C2E674}.Release|Any CPU.Build.0 = Release|Any CPU
		{E2A55859-47EE-4083-A9EF-C2FF4AA439A3}.Debug|Any CPU.ActiveCfg = Debug|Any CPU
		{E2A55859-47EE-4083-A9EF-C2FF4AA439A3}.Debug|Any CPU.Build.0 = Debug|Any CPU
		{E2A55859-47EE-4083-A9EF-C2FF4AA439A3}.Release|Any CPU.ActiveCfg = Release|Any CPU
		{E2A55859-47EE-4083-A9EF-C2FF4AA439A3}.Release|Any CPU.Build.0 = Release|Any CPU
		{4B4CB000-D8B3-446B-BE1C-132BF6D29BB2}.Debug|Any CPU.ActiveCfg = Debug|Any CPU
		{4B4CB000-D8B3-446B-BE1C-132BF6D29BB2}.Debug|Any CPU.Build.0 = Debug|Any CPU
		{4B4CB000-D8B3-446B-BE1C-132BF6D29BB2}.Release|Any CPU.ActiveCfg = Release|Any CPU
		{4B4CB000-D8B3-446B-BE1C-132BF6D29BB2}.Release|Any CPU.Build.0 = Release|Any CPU
		{6557F2AB-557E-46B6-9CDF-95AF9FF2791E}.Debug|Any CPU.ActiveCfg = Debug|Any CPU
		{6557F2AB-557E-46B6-9CDF-95AF9FF2791E}.Debug|Any CPU.Build.0 = Debug|Any CPU
		{6557F2AB-557E-46B6-9CDF-95AF9FF2791E}.Release|Any CPU.ActiveCfg = Release|Any CPU
		{6557F2AB-557E-46B6-9CDF-95AF9FF2791E}.Release|Any CPU.Build.0 = Release|Any CPU
		{12303674-0EC4-44D7-AC15-270173AB5D26}.Debug|Any CPU.ActiveCfg = Debug|Any CPU
		{12303674-0EC4-44D7-AC15-270173AB5D26}.Debug|Any CPU.Build.0 = Debug|Any CPU
		{12303674-0EC4-44D7-AC15-270173AB5D26}.Release|Any CPU.ActiveCfg = Release|Any CPU
		{12303674-0EC4-44D7-AC15-270173AB5D26}.Release|Any CPU.Build.0 = Release|Any CPU
		{C395AB57-BFFB-4DE9-8C7A-0C1F3E65785D}.Debug|Any CPU.ActiveCfg = Debug|Any CPU
		{C395AB57-BFFB-4DE9-8C7A-0C1F3E65785D}.Debug|Any CPU.Build.0 = Debug|Any CPU
		{C395AB57-BFFB-4DE9-8C7A-0C1F3E65785D}.Release|Any CPU.ActiveCfg = Release|Any CPU
		{C395AB57-BFFB-4DE9-8C7A-0C1F3E65785D}.Release|Any CPU.Build.0 = Release|Any CPU
		{5E4D72CC-196A-4069-BA8E-E7299F2DF238}.Debug|Any CPU.ActiveCfg = Debug|Any CPU
		{5E4D72CC-196A-4069-BA8E-E7299F2DF238}.Debug|Any CPU.Build.0 = Debug|Any CPU
		{5E4D72CC-196A-4069-BA8E-E7299F2DF238}.Release|Any CPU.ActiveCfg = Release|Any CPU
		{5E4D72CC-196A-4069-BA8E-E7299F2DF238}.Release|Any CPU.Build.0 = Release|Any CPU
		{AF79981D-A533-4AF5-9F6B-C65C03C30B37}.Debug|Any CPU.ActiveCfg = Debug|Any CPU
		{AF79981D-A533-4AF5-9F6B-C65C03C30B37}.Debug|Any CPU.Build.0 = Debug|Any CPU
		{AF79981D-A533-4AF5-9F6B-C65C03C30B37}.Release|Any CPU.ActiveCfg = Release|Any CPU
		{AF79981D-A533-4AF5-9F6B-C65C03C30B37}.Release|Any CPU.Build.0 = Release|Any CPU
		{76C7D3F9-DFBF-41B0-B07B-30BD9FE4B58A}.Debug|Any CPU.ActiveCfg = Debug|Any CPU
		{76C7D3F9-DFBF-41B0-B07B-30BD9FE4B58A}.Debug|Any CPU.Build.0 = Debug|Any CPU
		{76C7D3F9-DFBF-41B0-B07B-30BD9FE4B58A}.Release|Any CPU.ActiveCfg = Release|Any CPU
		{76C7D3F9-DFBF-41B0-B07B-30BD9FE4B58A}.Release|Any CPU.Build.0 = Release|Any CPU
		{D0457FD3-0919-47F9-B217-A572359F88F7}.Debug|Any CPU.ActiveCfg = Debug|Any CPU
		{D0457FD3-0919-47F9-B217-A572359F88F7}.Debug|Any CPU.Build.0 = Debug|Any CPU
		{D0457FD3-0919-47F9-B217-A572359F88F7}.Release|Any CPU.ActiveCfg = Release|Any CPU
		{D0457FD3-0919-47F9-B217-A572359F88F7}.Release|Any CPU.Build.0 = Release|Any CPU
		{31BD32C2-8EA7-4C9A-971E-8C3FF4FDB11A}.Debug|Any CPU.ActiveCfg = Debug|Any CPU
		{31BD32C2-8EA7-4C9A-971E-8C3FF4FDB11A}.Debug|Any CPU.Build.0 = Debug|Any CPU
		{31BD32C2-8EA7-4C9A-971E-8C3FF4FDB11A}.Release|Any CPU.ActiveCfg = Release|Any CPU
		{31BD32C2-8EA7-4C9A-971E-8C3FF4FDB11A}.Release|Any CPU.Build.0 = Release|Any CPU
	EndGlobalSection
	GlobalSection(SolutionProperties) = preSolution
		HideSolutionNode = FALSE
	EndGlobalSection
	GlobalSection(ExtensibilityGlobals) = postSolution
		SolutionGuid = {808286E1-6B17-4C22-9467-26A39F3E412F}
	EndGlobalSection
EndGlobal
