
Microsoft Visual Studio Solution File, Format Version 12.00
# Visual Studio Version 17
VisualStudioVersion = 17.3.32901.215
MinimumVisualStudioVersion = 10.0.40219.1
Project("{FAE04EC0-301F-11D3-BF4B-00C04F79EFBC}") = "WindowsFormsApp1", "WindowsFormsApp1\WindowsFormsApp1.csproj", "{DCB317D2-EFF8-42E3-969F-D952ED32E129}"
EndProject
Project("{FAE04EC0-301F-11D3-BF4B-00C04F79EFBC}") = "WindowsFormsApp2", "WindowsFormsApp2\WindowsFormsApp2.csproj", "{0D60868A-0C63-4CB5-9A92-6EB8FD9F7148}"
EndProject
Project("{FAE04EC0-301F-11D3-BF4B-00C04F79EFBC}") = "WindowsFormsApp3", "WindowsFormsApp3\WindowsFormsApp3.csproj", "{92431765-C674-4840-9822-8B36406BA83C}"
EndProject
Project("{FAE04EC0-301F-11D3-BF4B-00C04F79EFBC}") = "WindowsFormsApp4", "WindowsFormsApp4\WindowsFormsApp4.csproj", "{1C403ED8-6CDD-4300-A3FC-1B661C45683A}"
EndProject
Project("{FAE04EC0-301F-11D3-BF4B-00C04F79EFBC}") = "WindowsFormsApp5", "WindowsFormsApp5\WindowsFormsApp5.csproj", "{C1AD1945-B3AA-492B-B643-75A846D348FE}"
EndProject
Project("{FAE04EC0-301F-11D3-BF4B-00C04F79EFBC}") = "WindowsFormsApp6", "WindowsFormsApp6\WindowsFormsApp6.csproj", "{E67CF015-440D-4963-976A-E679E6D00331}"
EndProject
Project("{FAE04EC0-301F-11D3-BF4B-00C04F79EFBC}") = "WindowsFormsApp7", "WindowsFormsApp7\WindowsFormsApp7.csproj", "{646E863C-B8DC-49D7-A9C6-5C0F4756E19C}"
EndProject
Project("{FAE04EC0-301F-11D3-BF4B-00C04F79EFBC}") = "WindowsFormsApp8", "WindowsFormsApp8\WindowsFormsApp8.csproj", "{41A5F8E8-93A2-4646-84D8-D7F0CE526182}"
EndProject
Project("{FAE04EC0-301F-11D3-BF4B-00C04F79EFBC}") = "WindowsFormsApp9", "WindowsFormsApp9\WindowsFormsApp9.csproj", "{CA80CCCB-C96C-4ED8-87C1-EB40068D2A01}"
EndProject
Project("{FAE04EC0-301F-11D3-BF4B-00C04F79EFBC}") = "WindowsFormsApp10", "WindowsFormsApp10\WindowsFormsApp10.csproj", "{DC661494-2AFF-47B5-9BA0-B15227C2E674}"
EndProject
Project("{FAE04EC0-301F-11D3-BF4B-00C04F79EFBC}") = "Autotile", "Autotile\Autotile.csproj", "{E2A55859-47EE-4083-A9EF-C2FF4AA439A3}"
EndProject
Project("{FAE04EC0-301F-11D3-BF4B-00C04F79EFBC}") = "WindowsFormsApp11", "WindowsFormsApp11\WindowsFormsApp11.csproj", "{4B4CB000-D8B3-446B-BE1C-132BF6D29BB2}"
EndProject
Project("{FAE04EC0-301F-11D3-BF4B-00C04F79EFBC}") = "WindowsFormsApp12", "WindowsFormsApp12\WindowsFormsApp12.csproj", "{6557F2AB-557E-46B6-9CDF-95AF9FF2791E}"
EndProject
Project("{FAE04EC0-301F-11D3-BF4B-00C04F79EFBC}") = "Pipes", "Pipes\Pipes.csproj", "{12303674-0EC4-44D7-AC15-270173AB5D26}"
EndProject
Project("{FAE04EC0-301F-11D3-BF4B-00C04F79EFBC}") = "Maze", "Maze\Maze.csproj", "{C395AB57-BFFB-4DE9-8C7A-0C1F3E65785D}"
EndProject
Project("{FAE04EC0-301F-11D3-BF4B-00C04F79EFBC}") = "RetfarC", "RetfarC\RetfarC.csproj", "{5E4D72CC-196A-4069-BA8E-E7299F2DF238}"
EndProject
Project("{FAE04EC0-301F-11D3-BF4B-00C04F79EFBC}") = "DOSBOX", "DOSBOX\DOSBOX.csproj", "{AF79981D-A533-4AF5-9F6B-C65C03C30B37}"
EndProject
Project("{FAE04EC0-301F-11D3-BF4B-00C04F79EFBC}") = "WindowsFormsApp13", "WindowsFormsApp13\WindowsFormsApp13.csproj", "{76C7D3F9-DFBF-41B0-B07B-30BD9FE4B58A}"
EndProject
Project("{FAE04EC0-301F-11D3-BF4B-00C04F79EFBC}") = "WindowsFormsApp14", "WindowsFormsApp14\WindowsFormsApp14.csproj", "{D0457FD3-0919-47F9-B217-A572359F88F7}"
EndProject
Project("{FAE04EC0-301F-11D3-BF4B-00C04F79EFBC}") = "WindowsCardsApp15", "WindowsCardsApp15\WindowsCardsApp15.csproj", "{31BD32C2-8EA7-4C9A-971E-8C3FF4FDB11A}"
EndProject
Project("{FAE04EC0-301F-11D3-BF4B-00C04F79EFBC}") = "WindowsFormsApp15", "WindowsFormsApp15\WindowsFormsApp15.csproj", "{F3EA50F9-5251-4565-9B3F-CFDA232040C7}"
EndProject
Project("{FAE04EC0-301F-11D3-BF4B-00C04F79EFBC}") = "WindowsFormsApp16", "WindowsFormsApp16\WindowsFormsApp16.csproj", "{3BFF897D-967A-48DF-8B34-5AC2C2E95BB7}"
EndProject
Project("{FAE04EC0-301F-11D3-BF4B-00C04F79EFBC}") = "WindowsFormsApp17", "WindowsFormsApp17\WindowsFormsApp17.csproj", "{1AD5207A-2CB4-4C86-822C-9B2BBD70CBC2}"
EndProject
Project("{FAE04EC0-301F-11D3-BF4B-00C04F79EFBC}") = "WindowsFormsApp18", "WindowsFormsApp18\WindowsFormsApp18.csproj", "{DD93F340-1821-453D-A28A-C730ABC18F7D}"
EndProject
Project("{FAE04EC0-301F-11D3-BF4B-00C04F79EFBC}") = "AssetMake", "AssetMake\AssetMake.csproj", "{2618F9AC-92FD-4856-A4B4-11FFD019182F}"
EndProject
Project("{FAE04EC0-301F-11D3-BF4B-00C04F79EFBC}") = "WindowsFormsApp19", "WindowsFormsApp19\WindowsFormsApp19.csproj", "{2EFDA662-D939-49E4-91C5-F195CD07DF38}"
EndProject
Project("{FAE04EC0-301F-11D3-BF4B-00C04F79EFBC}") = "gpttest", "gpttest\gpttest.csproj", "{5FDFB586-CE4D-4ACA-AB71-CC938D13F022}"
EndProject
Project("{9A19103F-16F7-4668-BE54-9A1E7A4F7556}") = "PNJ", "PNJ\PNJ.csproj", "{0ABA57E8-E636-4C2C-8EC8-54C2AD31B3AC}"
EndProject
Project("{FAE04EC0-301F-11D3-BF4B-00C04F79EFBC}") = "WindowsFormsApp20", "WindowsFormsApp20\WindowsFormsApp20.csproj", "{B564EE9F-0A9F-42E0-9973-E9432AFDD6D7}"
EndProject
Project("{FAE04EC0-301F-11D3-BF4B-00C04F79EFBC}") = "WindowsFormsApp21vox", "WindowsFormsApp21vox\WindowsFormsApp21vox.csproj", "{CEB2AC45-9DF1-4DEA-990A-58E349E0B62D}"
EndProject
Project("{FAE04EC0-301F-11D3-BF4B-00C04F79EFBC}") = "WindowsFormsApp21Isometric", "WindowsFormsApp21Isometric\WindowsFormsApp21Isometric.csproj", "{51E6E695-7E00-4382-B184-5564B9A9462A}"
EndProject
Project("{FAE04EC0-301F-11D3-BF4B-00C04F79EFBC}") = "PishConverter", "PishConverter\PishConverter.csproj", "{C5A91EE0-4513-4961-BA25-8938918EEA17}"
EndProject
Project("{FAE04EC0-301F-11D3-BF4B-00C04F79EFBC}") = "WindowsFormsApp21", "WindowsFormsApp21\WindowsFormsApp21.csproj", "{ECFBFEE8-038A-4C56-9371-17E149AB074A}"
EndProject
Project("{FAE04EC0-301F-11D3-BF4B-00C04F79EFBC}") = "PointAnima", "PointAnima\PointAnima.csproj", "{0B646896-D4CE-4F11-BDE9-9D8BC6D9C383}"
EndProject
Project("{FAE04EC0-301F-11D3-BF4B-00C04F79EFBC}") = "Defacto_rio", "Defacto_rio\Defacto_rio.csproj", "{67282DFE-3D76-4588-A83F-A1A7192C02FC}"
EndProject
Project("{FAE04EC0-301F-11D3-BF4B-00C04F79EFBC}") = "MiniKube", "MiniKube\MiniKube.csproj", "{5E08456D-BF05-4B37-BE6F-4E36EF60D305}"
EndProject
Project("{FAE04EC0-301F-11D3-BF4B-00C04F79EFBC}") = "Cast", "Cast\Cast.csproj", "{484BD60B-31B8-4D30-893F-DBA10913778A}"
EndProject
Project("{FAE04EC0-301F-11D3-BF4B-00C04F79EFBC}") = "Tooling", "Tooling\Tooling.csproj", "{558899FF-01C9-480E-8837-DA2161694819}"
EndProject
Project("{FAE04EC0-301F-11D3-BF4B-00C04F79EFBC}") = "KubeLayers", "KubeLayers\KubeLayers.csproj", "{F7BA9645-A265-4C45-AC55-2BBE5579D8DA}"
EndProject
Project("{FAE04EC0-301F-11D3-BF4B-00C04F79EFBC}") = "ConfigureRoute", "ConfigureRoute\ConfigureRoute.csproj", "{A206151A-A4A2-47CE-8C11-7EF4DED252F5}"
EndProject
Project("{FAE04EC0-301F-11D3-BF4B-00C04F79EFBC}") = "WindowsFormsApp22", "WindowsFormsApp22\WindowsFormsApp22.csproj", "{82D047FE-DFB5-437F-8F3B-62B7D6B16AB9}"
EndProject
Project("{FAE04EC0-301F-11D3-BF4B-00C04F79EFBC}") = "WindowsFormsApp23", "WindowsFormsApp23\WindowsFormsApp23.csproj", "{376D07B6-978B-4EBB-9F1B-55D9442BA09E}"
EndProject
Project("{FAE04EC0-301F-11D3-BF4B-00C04F79EFBC}") = "LayerPx", "LayerPx\LayerPx.csproj", "{E067B322-0733-43C6-9F22-32CF0C842B38}"
EndProject
Project("{FAE04EC0-301F-11D3-BF4B-00C04F79EFBC}") = "WindowsFormsApp24", "WindowsFormsApp24\WindowsFormsApp24.csproj", "{EB2341B9-C808-4F13-867E-7B6C55EF78BB}"
EndProject
Project("{FAE04EC0-301F-11D3-BF4B-00C04F79EFBC}") = "WindowsFormsApp25_vx", "WindowsFormsApp25_vx\WindowsFormsApp25_vx.csproj", "{77954AF1-2648-450A-B515-1320191FF702}"
EndProject
Project("{FAE04EC0-301F-11D3-BF4B-00C04F79EFBC}") = "Voxels.Core", "Voxels.Core\Voxels.Core.csproj", "{5F012250-CA19-4C6A-A3A0-7144DAE5E8AE}"
EndProject
Project("{FAE04EC0-301F-11D3-BF4B-00C04F79EFBC}") = "WindowsFormsApp26", "WindowsFormsApp26\WindowsFormsApp26.csproj", "{EA92BF19-ABA7-4EA1-869B-EBE402923CD0}"
EndProject
Project("{FAE04EC0-301F-11D3-BF4B-00C04F79EFBC}") = "ToolingGranularity", "ToolingGranularity\ToolingGranularity.csproj", "{D61888EB-1F85-4D1F-99CC-AF4F2197D169}"
EndProject
Project("{2150E333-8FDC-42A3-9474-1A3956D46DE8}") = "old", "old", "{F9E9D118-873F-400A-8272-B3C27569F363}"
EndProject
Project("{2150E333-8FDC-42A3-9474-1A3956D46DE8}") = "console", "console", "{760D8AC2-46A3-4A5B-AE19-14FA105483EB}"
EndProject
Project("{FAE04EC0-301F-11D3-BF4B-00C04F79EFBC}") = "Console", "old\Console\Console\Console.csproj", "{DD1C3532-ABF3-4AA2-8292-9B1B46964339}"
EndProject
Project("{FAE04EC0-301F-11D3-BF4B-00C04F79EFBC}") = "Editor", "old\Console\Editor\Editor.csproj", "{75218CE6-A6D3-459F-87CD-98698518050B}"
EndProject
Project("{FAE04EC0-301F-11D3-BF4B-00C04F79EFBC}") = "SFXMNG", "old\Console\SFXMNG\SFXMNG.csproj", "{3EA7EB19-E763-4EBF-B20F-B5729098664A}"
EndProject
Project("{FAE04EC0-301F-11D3-BF4B-00C04F79EFBC}") = "ConsoleApp1", "old\Console\ConsoleApp1\ConsoleApp1.csproj", "{FC95D7CF-D164-468E-84C4-1FEBAED77CEB}"
EndProject
Project("{2150E333-8FDC-42A3-9474-1A3956D46DE8}") = "rmk", "rmk", "{240A90B0-9710-4878-8A40-0E66E757FA1F}"
EndProject
Project("{2150E333-8FDC-42A3-9474-1A3956D46DE8}") = "console", "console", "{C0FC3BE0-ECD1-472F-928B-4CF490F92457}"
EndProject
Project("{FAE04EC0-301F-11D3-BF4B-00C04F79EFBC}") = "console_v2", "console_v2\console_v2.csproj", "{DF7B46F5-A629-4A1F-AF20-6E62FEF2B2A2}"
EndProject
Project("{9A19103F-16F7-4668-BE54-9A1E7A4F7556}") = "Transparency", "Transparency\Transparency.csproj", "{9011B2C6-2681-44C3-994D-36C110B65384}"
EndProject
Project("{FAE04EC0-301F-11D3-BF4B-00C04F79EFBC}") = "console_v3", "console_v3\console_v3.csproj", "{E814E405-880E-4A7D-AE43-104630929D7B}"
EndProject
Project("{FAE04EC0-301F-11D3-BF4B-00C04F79EFBC}") = "WindowsFormsApp25", "WindowsFormsApp25\WindowsFormsApp25.csproj", "{0C0A5878-8D9A-4430-BD3B-3CF858C6E8AF}"
EndProject
Project("{FAE04EC0-301F-11D3-BF4B-00C04F79EFBC}") = "WindowsFormsApp27_comb", "WindowsFormsApp27_comb\WindowsFormsApp27_comb.csproj", "{1B7D88B2-45E3-43C4-9F4A-3FDE9453F0AD}"
EndProject
Project("{FAE04EC0-301F-11D3-BF4B-00C04F79EFBC}") = "WindowsFormsApp28_px", "WindowsFormsApp28_px\WindowsFormsApp28_px.csproj", "{3BFE34FD-5124-4569-8ADD-0F7285063A7F}"
EndProject
Project("{FAE04EC0-301F-11D3-BF4B-00C04F79EFBC}") = "Tooling_Mapper", "Tooling_Mapper\Tooling_Mapper.csproj", "{18F8D689-0B5A-490C-9772-85D78C2D6E66}"
EndProject
Project("{FAE04EC0-301F-11D3-BF4B-00C04F79EFBC}") = "DOSBOX2", "DOSBOX2\DOSBOX2.csproj", "{3F85F27A-B9DF-4E61-9337-F2F925AE59A3}"
EndProject
Project("{FAE04EC0-301F-11D3-BF4B-00C04F79EFBC}") = "DOSBOX_HEX_EDIT", "DOSBOX_HEX_EDIT\DOSBOX_HEX_EDIT.csproj", "{0D93F8C5-BC7F-4EDF-BA65-7264B0D17035}"
EndProject
Project("{FAE04EC0-301F-11D3-BF4B-00C04F79EFBC}") = "WindowsFormsApp27", "WindowsFormsApp27\WindowsFormsApp27.csproj", "{9D91992D-3136-4545-904B-EF128DA4C10B}"
EndProject
Project("{FAE04EC0-301F-11D3-BF4B-00C04F79EFBC}") = "WindowsFormsApp29", "WindowsFormsApp29\WindowsFormsApp29.csproj", "{EEEC5D76-8E2E-4C20-9FA5-24CDFFB9834D}"
EndProject
Global
	GlobalSection(SolutionConfigurationPlatforms) = preSolution
		Debug|Any CPU = Debug|Any CPU
		Release|Any CPU = Release|Any CPU
	EndGlobalSection
	GlobalSection(ProjectConfigurationPlatforms) = postSolution
		{DCB317D2-EFF8-42E3-969F-D952ED32E129}.Debug|Any CPU.ActiveCfg = Debug|Any CPU
		{DCB317D2-EFF8-42E3-969F-D952ED32E129}.Debug|Any CPU.Build.0 = Debug|Any CPU
		{DCB317D2-EFF8-42E3-969F-D952ED32E129}.Release|Any CPU.ActiveCfg = Release|Any CPU
		{DCB317D2-EFF8-42E3-969F-D952ED32E129}.Release|Any CPU.Build.0 = Release|Any CPU
		{0D60868A-0C63-4CB5-9A92-6EB8FD9F7148}.Debug|Any CPU.ActiveCfg = Debug|Any CPU
		{0D60868A-0C63-4CB5-9A92-6EB8FD9F7148}.Debug|Any CPU.Build.0 = Debug|Any CPU
		{0D60868A-0C63-4CB5-9A92-6EB8FD9F7148}.Release|Any CPU.ActiveCfg = Release|Any CPU
		{0D60868A-0C63-4CB5-9A92-6EB8FD9F7148}.Release|Any CPU.Build.0 = Release|Any CPU
		{92431765-C674-4840-9822-8B36406BA83C}.Debug|Any CPU.ActiveCfg = Debug|Any CPU
		{92431765-C674-4840-9822-8B36406BA83C}.Debug|Any CPU.Build.0 = Debug|Any CPU
		{92431765-C674-4840-9822-8B36406BA83C}.Release|Any CPU.ActiveCfg = Release|Any CPU
		{92431765-C674-4840-9822-8B36406BA83C}.Release|Any CPU.Build.0 = Release|Any CPU
		{1C403ED8-6CDD-4300-A3FC-1B661C45683A}.Debug|Any CPU.ActiveCfg = Debug|Any CPU
		{1C403ED8-6CDD-4300-A3FC-1B661C45683A}.Debug|Any CPU.Build.0 = Debug|Any CPU
		{1C403ED8-6CDD-4300-A3FC-1B661C45683A}.Release|Any CPU.ActiveCfg = Release|Any CPU
		{1C403ED8-6CDD-4300-A3FC-1B661C45683A}.Release|Any CPU.Build.0 = Release|Any CPU
		{C1AD1945-B3AA-492B-B643-75A846D348FE}.Debug|Any CPU.ActiveCfg = Debug|Any CPU
		{C1AD1945-B3AA-492B-B643-75A846D348FE}.Debug|Any CPU.Build.0 = Debug|Any CPU
		{C1AD1945-B3AA-492B-B643-75A846D348FE}.Release|Any CPU.ActiveCfg = Release|Any CPU
		{C1AD1945-B3AA-492B-B643-75A846D348FE}.Release|Any CPU.Build.0 = Release|Any CPU
		{E67CF015-440D-4963-976A-E679E6D00331}.Debug|Any CPU.ActiveCfg = Debug|Any CPU
		{E67CF015-440D-4963-976A-E679E6D00331}.Debug|Any CPU.Build.0 = Debug|Any CPU
		{E67CF015-440D-4963-976A-E679E6D00331}.Release|Any CPU.ActiveCfg = Release|Any CPU
		{E67CF015-440D-4963-976A-E679E6D00331}.Release|Any CPU.Build.0 = Release|Any CPU
		{646E863C-B8DC-49D7-A9C6-5C0F4756E19C}.Debug|Any CPU.ActiveCfg = Debug|Any CPU
		{646E863C-B8DC-49D7-A9C6-5C0F4756E19C}.Debug|Any CPU.Build.0 = Debug|Any CPU
		{646E863C-B8DC-49D7-A9C6-5C0F4756E19C}.Release|Any CPU.ActiveCfg = Release|Any CPU
		{646E863C-B8DC-49D7-A9C6-5C0F4756E19C}.Release|Any CPU.Build.0 = Release|Any CPU
		{41A5F8E8-93A2-4646-84D8-D7F0CE526182}.Debug|Any CPU.ActiveCfg = Debug|Any CPU
		{41A5F8E8-93A2-4646-84D8-D7F0CE526182}.Debug|Any CPU.Build.0 = Debug|Any CPU
		{41A5F8E8-93A2-4646-84D8-D7F0CE526182}.Release|Any CPU.ActiveCfg = Release|Any CPU
		{41A5F8E8-93A2-4646-84D8-D7F0CE526182}.Release|Any CPU.Build.0 = Release|Any CPU
		{CA80CCCB-C96C-4ED8-87C1-EB40068D2A01}.Debug|Any CPU.ActiveCfg = Debug|Any CPU
		{CA80CCCB-C96C-4ED8-87C1-EB40068D2A01}.Debug|Any CPU.Build.0 = Debug|Any CPU
		{CA80CCCB-C96C-4ED8-87C1-EB40068D2A01}.Release|Any CPU.ActiveCfg = Release|Any CPU
		{CA80CCCB-C96C-4ED8-87C1-EB40068D2A01}.Release|Any CPU.Build.0 = Release|Any CPU
		{DC661494-2AFF-47B5-9BA0-B15227C2E674}.Debug|Any CPU.ActiveCfg = Debug|Any CPU
		{DC661494-2AFF-47B5-9BA0-B15227C2E674}.Debug|Any CPU.Build.0 = Debug|Any CPU
		{DC661494-2AFF-47B5-9BA0-B15227C2E674}.Release|Any CPU.ActiveCfg = Release|Any CPU
		{DC661494-2AFF-47B5-9BA0-B15227C2E674}.Release|Any CPU.Build.0 = Release|Any CPU
		{E2A55859-47EE-4083-A9EF-C2FF4AA439A3}.Debug|Any CPU.ActiveCfg = Debug|Any CPU
		{E2A55859-47EE-4083-A9EF-C2FF4AA439A3}.Debug|Any CPU.Build.0 = Debug|Any CPU
		{E2A55859-47EE-4083-A9EF-C2FF4AA439A3}.Release|Any CPU.ActiveCfg = Release|Any CPU
		{E2A55859-47EE-4083-A9EF-C2FF4AA439A3}.Release|Any CPU.Build.0 = Release|Any CPU
		{4B4CB000-D8B3-446B-BE1C-132BF6D29BB2}.Debug|Any CPU.ActiveCfg = Debug|Any CPU
		{4B4CB000-D8B3-446B-BE1C-132BF6D29BB2}.Debug|Any CPU.Build.0 = Debug|Any CPU
		{4B4CB000-D8B3-446B-BE1C-132BF6D29BB2}.Release|Any CPU.ActiveCfg = Release|Any CPU
		{4B4CB000-D8B3-446B-BE1C-132BF6D29BB2}.Release|Any CPU.Build.0 = Release|Any CPU
		{6557F2AB-557E-46B6-9CDF-95AF9FF2791E}.Debug|Any CPU.ActiveCfg = Debug|Any CPU
		{6557F2AB-557E-46B6-9CDF-95AF9FF2791E}.Debug|Any CPU.Build.0 = Debug|Any CPU
		{6557F2AB-557E-46B6-9CDF-95AF9FF2791E}.Release|Any CPU.ActiveCfg = Release|Any CPU
		{6557F2AB-557E-46B6-9CDF-95AF9FF2791E}.Release|Any CPU.Build.0 = Release|Any CPU
		{12303674-0EC4-44D7-AC15-270173AB5D26}.Debug|Any CPU.ActiveCfg = Debug|Any CPU
		{12303674-0EC4-44D7-AC15-270173AB5D26}.Debug|Any CPU.Build.0 = Debug|Any CPU
		{12303674-0EC4-44D7-AC15-270173AB5D26}.Release|Any CPU.ActiveCfg = Release|Any CPU
		{12303674-0EC4-44D7-AC15-270173AB5D26}.Release|Any CPU.Build.0 = Release|Any CPU
		{C395AB57-BFFB-4DE9-8C7A-0C1F3E65785D}.Debug|Any CPU.ActiveCfg = Debug|Any CPU
		{C395AB57-BFFB-4DE9-8C7A-0C1F3E65785D}.Debug|Any CPU.Build.0 = Debug|Any CPU
		{C395AB57-BFFB-4DE9-8C7A-0C1F3E65785D}.Release|Any CPU.ActiveCfg = Release|Any CPU
		{C395AB57-BFFB-4DE9-8C7A-0C1F3E65785D}.Release|Any CPU.Build.0 = Release|Any CPU
		{5E4D72CC-196A-4069-BA8E-E7299F2DF238}.Debug|Any CPU.ActiveCfg = Debug|Any CPU
		{5E4D72CC-196A-4069-BA8E-E7299F2DF238}.Debug|Any CPU.Build.0 = Debug|Any CPU
		{5E4D72CC-196A-4069-BA8E-E7299F2DF238}.Release|Any CPU.ActiveCfg = Release|Any CPU
		{5E4D72CC-196A-4069-BA8E-E7299F2DF238}.Release|Any CPU.Build.0 = Release|Any CPU
		{AF79981D-A533-4AF5-9F6B-C65C03C30B37}.Debug|Any CPU.ActiveCfg = Debug|Any CPU
		{AF79981D-A533-4AF5-9F6B-C65C03C30B37}.Debug|Any CPU.Build.0 = Debug|Any CPU
		{AF79981D-A533-4AF5-9F6B-C65C03C30B37}.Release|Any CPU.ActiveCfg = Release|Any CPU
		{AF79981D-A533-4AF5-9F6B-C65C03C30B37}.Release|Any CPU.Build.0 = Release|Any CPU
		{76C7D3F9-DFBF-41B0-B07B-30BD9FE4B58A}.Debug|Any CPU.ActiveCfg = Debug|Any CPU
		{76C7D3F9-DFBF-41B0-B07B-30BD9FE4B58A}.Debug|Any CPU.Build.0 = Debug|Any CPU
		{76C7D3F9-DFBF-41B0-B07B-30BD9FE4B58A}.Release|Any CPU.ActiveCfg = Release|Any CPU
		{76C7D3F9-DFBF-41B0-B07B-30BD9FE4B58A}.Release|Any CPU.Build.0 = Release|Any CPU
		{D0457FD3-0919-47F9-B217-A572359F88F7}.Debug|Any CPU.ActiveCfg = Debug|Any CPU
		{D0457FD3-0919-47F9-B217-A572359F88F7}.Debug|Any CPU.Build.0 = Debug|Any CPU
		{D0457FD3-0919-47F9-B217-A572359F88F7}.Release|Any CPU.ActiveCfg = Release|Any CPU
		{D0457FD3-0919-47F9-B217-A572359F88F7}.Release|Any CPU.Build.0 = Release|Any CPU
		{31BD32C2-8EA7-4C9A-971E-8C3FF4FDB11A}.Debug|Any CPU.ActiveCfg = Debug|Any CPU
		{31BD32C2-8EA7-4C9A-971E-8C3FF4FDB11A}.Debug|Any CPU.Build.0 = Debug|Any CPU
		{31BD32C2-8EA7-4C9A-971E-8C3FF4FDB11A}.Release|Any CPU.ActiveCfg = Release|Any CPU
		{31BD32C2-8EA7-4C9A-971E-8C3FF4FDB11A}.Release|Any CPU.Build.0 = Release|Any CPU
		{F3EA50F9-5251-4565-9B3F-CFDA232040C7}.Debug|Any CPU.ActiveCfg = Debug|Any CPU
		{F3EA50F9-5251-4565-9B3F-CFDA232040C7}.Debug|Any CPU.Build.0 = Debug|Any CPU
		{F3EA50F9-5251-4565-9B3F-CFDA232040C7}.Release|Any CPU.ActiveCfg = Release|Any CPU
		{F3EA50F9-5251-4565-9B3F-CFDA232040C7}.Release|Any CPU.Build.0 = Release|Any CPU
		{3BFF897D-967A-48DF-8B34-5AC2C2E95BB7}.Debug|Any CPU.ActiveCfg = Debug|Any CPU
		{3BFF897D-967A-48DF-8B34-5AC2C2E95BB7}.Debug|Any CPU.Build.0 = Debug|Any CPU
		{3BFF897D-967A-48DF-8B34-5AC2C2E95BB7}.Release|Any CPU.ActiveCfg = Release|Any CPU
		{3BFF897D-967A-48DF-8B34-5AC2C2E95BB7}.Release|Any CPU.Build.0 = Release|Any CPU
		{1AD5207A-2CB4-4C86-822C-9B2BBD70CBC2}.Debug|Any CPU.ActiveCfg = Debug|Any CPU
		{1AD5207A-2CB4-4C86-822C-9B2BBD70CBC2}.Debug|Any CPU.Build.0 = Debug|Any CPU
		{1AD5207A-2CB4-4C86-822C-9B2BBD70CBC2}.Release|Any CPU.ActiveCfg = Release|Any CPU
		{1AD5207A-2CB4-4C86-822C-9B2BBD70CBC2}.Release|Any CPU.Build.0 = Release|Any CPU
		{DD93F340-1821-453D-A28A-C730ABC18F7D}.Debug|Any CPU.ActiveCfg = Debug|Any CPU
		{DD93F340-1821-453D-A28A-C730ABC18F7D}.Debug|Any CPU.Build.0 = Debug|Any CPU
		{DD93F340-1821-453D-A28A-C730ABC18F7D}.Release|Any CPU.ActiveCfg = Release|Any CPU
		{DD93F340-1821-453D-A28A-C730ABC18F7D}.Release|Any CPU.Build.0 = Release|Any CPU
		{2618F9AC-92FD-4856-A4B4-11FFD019182F}.Debug|Any CPU.ActiveCfg = Debug|Any CPU
		{2618F9AC-92FD-4856-A4B4-11FFD019182F}.Debug|Any CPU.Build.0 = Debug|Any CPU
		{2618F9AC-92FD-4856-A4B4-11FFD019182F}.Release|Any CPU.ActiveCfg = Release|Any CPU
		{2618F9AC-92FD-4856-A4B4-11FFD019182F}.Release|Any CPU.Build.0 = Release|Any CPU
		{2EFDA662-D939-49E4-91C5-F195CD07DF38}.Debug|Any CPU.ActiveCfg = Debug|Any CPU
		{2EFDA662-D939-49E4-91C5-F195CD07DF38}.Debug|Any CPU.Build.0 = Debug|Any CPU
		{2EFDA662-D939-49E4-91C5-F195CD07DF38}.Release|Any CPU.ActiveCfg = Release|Any CPU
		{2EFDA662-D939-49E4-91C5-F195CD07DF38}.Release|Any CPU.Build.0 = Release|Any CPU
		{5FDFB586-CE4D-4ACA-AB71-CC938D13F022}.Debug|Any CPU.ActiveCfg = Debug|Any CPU
		{5FDFB586-CE4D-4ACA-AB71-CC938D13F022}.Debug|Any CPU.Build.0 = Debug|Any CPU
		{5FDFB586-CE4D-4ACA-AB71-CC938D13F022}.Release|Any CPU.ActiveCfg = Release|Any CPU
		{5FDFB586-CE4D-4ACA-AB71-CC938D13F022}.Release|Any CPU.Build.0 = Release|Any CPU
		{0ABA57E8-E636-4C2C-8EC8-54C2AD31B3AC}.Debug|Any CPU.ActiveCfg = Debug|Any CPU
		{0ABA57E8-E636-4C2C-8EC8-54C2AD31B3AC}.Debug|Any CPU.Build.0 = Debug|Any CPU
		{0ABA57E8-E636-4C2C-8EC8-54C2AD31B3AC}.Release|Any CPU.ActiveCfg = Release|Any CPU
		{0ABA57E8-E636-4C2C-8EC8-54C2AD31B3AC}.Release|Any CPU.Build.0 = Release|Any CPU
		{B564EE9F-0A9F-42E0-9973-E9432AFDD6D7}.Debug|Any CPU.ActiveCfg = Debug|Any CPU
		{B564EE9F-0A9F-42E0-9973-E9432AFDD6D7}.Debug|Any CPU.Build.0 = Debug|Any CPU
		{B564EE9F-0A9F-42E0-9973-E9432AFDD6D7}.Release|Any CPU.ActiveCfg = Release|Any CPU
		{B564EE9F-0A9F-42E0-9973-E9432AFDD6D7}.Release|Any CPU.Build.0 = Release|Any CPU
		{CEB2AC45-9DF1-4DEA-990A-58E349E0B62D}.Debug|Any CPU.ActiveCfg = Debug|Any CPU
		{CEB2AC45-9DF1-4DEA-990A-58E349E0B62D}.Debug|Any CPU.Build.0 = Debug|Any CPU
		{CEB2AC45-9DF1-4DEA-990A-58E349E0B62D}.Release|Any CPU.ActiveCfg = Release|Any CPU
		{CEB2AC45-9DF1-4DEA-990A-58E349E0B62D}.Release|Any CPU.Build.0 = Release|Any CPU
		{51E6E695-7E00-4382-B184-5564B9A9462A}.Debug|Any CPU.ActiveCfg = Debug|Any CPU
		{51E6E695-7E00-4382-B184-5564B9A9462A}.Debug|Any CPU.Build.0 = Debug|Any CPU
		{51E6E695-7E00-4382-B184-5564B9A9462A}.Release|Any CPU.ActiveCfg = Release|Any CPU
		{51E6E695-7E00-4382-B184-5564B9A9462A}.Release|Any CPU.Build.0 = Release|Any CPU
		{C5A91EE0-4513-4961-BA25-8938918EEA17}.Debug|Any CPU.ActiveCfg = Debug|Any CPU
		{C5A91EE0-4513-4961-BA25-8938918EEA17}.Debug|Any CPU.Build.0 = Debug|Any CPU
		{C5A91EE0-4513-4961-BA25-8938918EEA17}.Release|Any CPU.ActiveCfg = Release|Any CPU
		{C5A91EE0-4513-4961-BA25-8938918EEA17}.Release|Any CPU.Build.0 = Release|Any CPU
		{ECFBFEE8-038A-4C56-9371-17E149AB074A}.Debug|Any CPU.ActiveCfg = Debug|Any CPU
		{ECFBFEE8-038A-4C56-9371-17E149AB074A}.Debug|Any CPU.Build.0 = Debug|Any CPU
		{ECFBFEE8-038A-4C56-9371-17E149AB074A}.Release|Any CPU.ActiveCfg = Release|Any CPU
		{ECFBFEE8-038A-4C56-9371-17E149AB074A}.Release|Any CPU.Build.0 = Release|Any CPU
		{0B646896-D4CE-4F11-BDE9-9D8BC6D9C383}.Debug|Any CPU.ActiveCfg = Debug|Any CPU
		{0B646896-D4CE-4F11-BDE9-9D8BC6D9C383}.Debug|Any CPU.Build.0 = Debug|Any CPU
		{0B646896-D4CE-4F11-BDE9-9D8BC6D9C383}.Release|Any CPU.ActiveCfg = Release|Any CPU
		{0B646896-D4CE-4F11-BDE9-9D8BC6D9C383}.Release|Any CPU.Build.0 = Release|Any CPU
		{67282DFE-3D76-4588-A83F-A1A7192C02FC}.Debug|Any CPU.ActiveCfg = Debug|Any CPU
		{67282DFE-3D76-4588-A83F-A1A7192C02FC}.Debug|Any CPU.Build.0 = Debug|Any CPU
		{67282DFE-3D76-4588-A83F-A1A7192C02FC}.Release|Any CPU.ActiveCfg = Release|Any CPU
		{67282DFE-3D76-4588-A83F-A1A7192C02FC}.Release|Any CPU.Build.0 = Release|Any CPU
		{5E08456D-BF05-4B37-BE6F-4E36EF60D305}.Debug|Any CPU.ActiveCfg = Debug|Any CPU
		{5E08456D-BF05-4B37-BE6F-4E36EF60D305}.Debug|Any CPU.Build.0 = Debug|Any CPU
		{5E08456D-BF05-4B37-BE6F-4E36EF60D305}.Release|Any CPU.ActiveCfg = Release|Any CPU
		{5E08456D-BF05-4B37-BE6F-4E36EF60D305}.Release|Any CPU.Build.0 = Release|Any CPU
		{484BD60B-31B8-4D30-893F-DBA10913778A}.Debug|Any CPU.ActiveCfg = Debug|Any CPU
		{484BD60B-31B8-4D30-893F-DBA10913778A}.Debug|Any CPU.Build.0 = Debug|Any CPU
		{484BD60B-31B8-4D30-893F-DBA10913778A}.Release|Any CPU.ActiveCfg = Release|Any CPU
		{484BD60B-31B8-4D30-893F-DBA10913778A}.Release|Any CPU.Build.0 = Release|Any CPU
		{558899FF-01C9-480E-8837-DA2161694819}.Debug|Any CPU.ActiveCfg = Debug|Any CPU
		{558899FF-01C9-480E-8837-DA2161694819}.Debug|Any CPU.Build.0 = Debug|Any CPU
		{558899FF-01C9-480E-8837-DA2161694819}.Release|Any CPU.ActiveCfg = Release|Any CPU
		{558899FF-01C9-480E-8837-DA2161694819}.Release|Any CPU.Build.0 = Release|Any CPU
		{F7BA9645-A265-4C45-AC55-2BBE5579D8DA}.Debug|Any CPU.ActiveCfg = Debug|Any CPU
		{F7BA9645-A265-4C45-AC55-2BBE5579D8DA}.Debug|Any CPU.Build.0 = Debug|Any CPU
		{F7BA9645-A265-4C45-AC55-2BBE5579D8DA}.Release|Any CPU.ActiveCfg = Release|Any CPU
		{F7BA9645-A265-4C45-AC55-2BBE5579D8DA}.Release|Any CPU.Build.0 = Release|Any CPU
		{A206151A-A4A2-47CE-8C11-7EF4DED252F5}.Debug|Any CPU.ActiveCfg = Debug|Any CPU
		{A206151A-A4A2-47CE-8C11-7EF4DED252F5}.Debug|Any CPU.Build.0 = Debug|Any CPU
		{A206151A-A4A2-47CE-8C11-7EF4DED252F5}.Release|Any CPU.ActiveCfg = Release|Any CPU
		{A206151A-A4A2-47CE-8C11-7EF4DED252F5}.Release|Any CPU.Build.0 = Release|Any CPU
		{82D047FE-DFB5-437F-8F3B-62B7D6B16AB9}.Debug|Any CPU.ActiveCfg = Debug|Any CPU
		{82D047FE-DFB5-437F-8F3B-62B7D6B16AB9}.Debug|Any CPU.Build.0 = Debug|Any CPU
		{82D047FE-DFB5-437F-8F3B-62B7D6B16AB9}.Release|Any CPU.ActiveCfg = Release|Any CPU
		{82D047FE-DFB5-437F-8F3B-62B7D6B16AB9}.Release|Any CPU.Build.0 = Release|Any CPU
		{376D07B6-978B-4EBB-9F1B-55D9442BA09E}.Debug|Any CPU.ActiveCfg = Debug|Any CPU
		{376D07B6-978B-4EBB-9F1B-55D9442BA09E}.Debug|Any CPU.Build.0 = Debug|Any CPU
		{376D07B6-978B-4EBB-9F1B-55D9442BA09E}.Release|Any CPU.ActiveCfg = Release|Any CPU
		{376D07B6-978B-4EBB-9F1B-55D9442BA09E}.Release|Any CPU.Build.0 = Release|Any CPU
		{E067B322-0733-43C6-9F22-32CF0C842B38}.Debug|Any CPU.ActiveCfg = Debug|Any CPU
		{E067B322-0733-43C6-9F22-32CF0C842B38}.Debug|Any CPU.Build.0 = Debug|Any CPU
		{E067B322-0733-43C6-9F22-32CF0C842B38}.Release|Any CPU.ActiveCfg = Release|Any CPU
		{E067B322-0733-43C6-9F22-32CF0C842B38}.Release|Any CPU.Build.0 = Release|Any CPU
		{EB2341B9-C808-4F13-867E-7B6C55EF78BB}.Debug|Any CPU.ActiveCfg = Debug|Any CPU
		{EB2341B9-C808-4F13-867E-7B6C55EF78BB}.Debug|Any CPU.Build.0 = Debug|Any CPU
		{EB2341B9-C808-4F13-867E-7B6C55EF78BB}.Release|Any CPU.ActiveCfg = Release|Any CPU
		{EB2341B9-C808-4F13-867E-7B6C55EF78BB}.Release|Any CPU.Build.0 = Release|Any CPU
		{77954AF1-2648-450A-B515-1320191FF702}.Debug|Any CPU.ActiveCfg = Debug|Any CPU
		{77954AF1-2648-450A-B515-1320191FF702}.Debug|Any CPU.Build.0 = Debug|Any CPU
		{77954AF1-2648-450A-B515-1320191FF702}.Release|Any CPU.ActiveCfg = Release|Any CPU
		{77954AF1-2648-450A-B515-1320191FF702}.Release|Any CPU.Build.0 = Release|Any CPU
		{5F012250-CA19-4C6A-A3A0-7144DAE5E8AE}.Debug|Any CPU.ActiveCfg = Debug|Any CPU
		{5F012250-CA19-4C6A-A3A0-7144DAE5E8AE}.Debug|Any CPU.Build.0 = Debug|Any CPU
		{5F012250-CA19-4C6A-A3A0-7144DAE5E8AE}.Release|Any CPU.ActiveCfg = Release|Any CPU
		{5F012250-CA19-4C6A-A3A0-7144DAE5E8AE}.Release|Any CPU.Build.0 = Release|Any CPU
		{EA92BF19-ABA7-4EA1-869B-EBE402923CD0}.Debug|Any CPU.ActiveCfg = Debug|Any CPU
		{EA92BF19-ABA7-4EA1-869B-EBE402923CD0}.Debug|Any CPU.Build.0 = Debug|Any CPU
		{EA92BF19-ABA7-4EA1-869B-EBE402923CD0}.Release|Any CPU.ActiveCfg = Release|Any CPU
		{EA92BF19-ABA7-4EA1-869B-EBE402923CD0}.Release|Any CPU.Build.0 = Release|Any CPU
		{D61888EB-1F85-4D1F-99CC-AF4F2197D169}.Debug|Any CPU.ActiveCfg = Debug|Any CPU
		{D61888EB-1F85-4D1F-99CC-AF4F2197D169}.Debug|Any CPU.Build.0 = Debug|Any CPU
		{D61888EB-1F85-4D1F-99CC-AF4F2197D169}.Release|Any CPU.ActiveCfg = Release|Any CPU
		{D61888EB-1F85-4D1F-99CC-AF4F2197D169}.Release|Any CPU.Build.0 = Release|Any CPU
		{DD1C3532-ABF3-4AA2-8292-9B1B46964339}.Debug|Any CPU.ActiveCfg = Debug|Any CPU
		{DD1C3532-ABF3-4AA2-8292-9B1B46964339}.Debug|Any CPU.Build.0 = Debug|Any CPU
		{DD1C3532-ABF3-4AA2-8292-9B1B46964339}.Release|Any CPU.ActiveCfg = Release|Any CPU
		{DD1C3532-ABF3-4AA2-8292-9B1B46964339}.Release|Any CPU.Build.0 = Release|Any CPU
		{75218CE6-A6D3-459F-87CD-98698518050B}.Debug|Any CPU.ActiveCfg = Debug|Any CPU
		{75218CE6-A6D3-459F-87CD-98698518050B}.Debug|Any CPU.Build.0 = Debug|Any CPU
		{75218CE6-A6D3-459F-87CD-98698518050B}.Release|Any CPU.ActiveCfg = Release|Any CPU
		{75218CE6-A6D3-459F-87CD-98698518050B}.Release|Any CPU.Build.0 = Release|Any CPU
		{3EA7EB19-E763-4EBF-B20F-B5729098664A}.Debug|Any CPU.ActiveCfg = Debug|Any CPU
		{3EA7EB19-E763-4EBF-B20F-B5729098664A}.Debug|Any CPU.Build.0 = Debug|Any CPU
		{3EA7EB19-E763-4EBF-B20F-B5729098664A}.Release|Any CPU.ActiveCfg = Release|Any CPU
		{3EA7EB19-E763-4EBF-B20F-B5729098664A}.Release|Any CPU.Build.0 = Release|Any CPU
		{FC95D7CF-D164-468E-84C4-1FEBAED77CEB}.Debug|Any CPU.ActiveCfg = Debug|Any CPU
		{FC95D7CF-D164-468E-84C4-1FEBAED77CEB}.Debug|Any CPU.Build.0 = Debug|Any CPU
		{FC95D7CF-D164-468E-84C4-1FEBAED77CEB}.Release|Any CPU.ActiveCfg = Release|Any CPU
		{FC95D7CF-D164-468E-84C4-1FEBAED77CEB}.Release|Any CPU.Build.0 = Release|Any CPU
		{DF7B46F5-A629-4A1F-AF20-6E62FEF2B2A2}.Debug|Any CPU.ActiveCfg = Debug|Any CPU
		{DF7B46F5-A629-4A1F-AF20-6E62FEF2B2A2}.Debug|Any CPU.Build.0 = Debug|Any CPU
		{DF7B46F5-A629-4A1F-AF20-6E62FEF2B2A2}.Release|Any CPU.ActiveCfg = Release|Any CPU
		{DF7B46F5-A629-4A1F-AF20-6E62FEF2B2A2}.Release|Any CPU.Build.0 = Release|Any CPU
		{9011B2C6-2681-44C3-994D-36C110B65384}.Debug|Any CPU.ActiveCfg = Debug|Any CPU
		{9011B2C6-2681-44C3-994D-36C110B65384}.Debug|Any CPU.Build.0 = Debug|Any CPU
		{9011B2C6-2681-44C3-994D-36C110B65384}.Release|Any CPU.ActiveCfg = Release|Any CPU
		{9011B2C6-2681-44C3-994D-36C110B65384}.Release|Any CPU.Build.0 = Release|Any CPU
		{E814E405-880E-4A7D-AE43-104630929D7B}.Debug|Any CPU.ActiveCfg = Debug|Any CPU
		{E814E405-880E-4A7D-AE43-104630929D7B}.Debug|Any CPU.Build.0 = Debug|Any CPU
		{E814E405-880E-4A7D-AE43-104630929D7B}.Release|Any CPU.ActiveCfg = Release|Any CPU
		{E814E405-880E-4A7D-AE43-104630929D7B}.Release|Any CPU.Build.0 = Release|Any CPU
		{0C0A5878-8D9A-4430-BD3B-3CF858C6E8AF}.Debug|Any CPU.ActiveCfg = Debug|Any CPU
		{0C0A5878-8D9A-4430-BD3B-3CF858C6E8AF}.Debug|Any CPU.Build.0 = Debug|Any CPU
		{0C0A5878-8D9A-4430-BD3B-3CF858C6E8AF}.Release|Any CPU.ActiveCfg = Release|Any CPU
		{0C0A5878-8D9A-4430-BD3B-3CF858C6E8AF}.Release|Any CPU.Build.0 = Release|Any CPU
		{1B7D88B2-45E3-43C4-9F4A-3FDE9453F0AD}.Debug|Any CPU.ActiveCfg = Debug|Any CPU
		{1B7D88B2-45E3-43C4-9F4A-3FDE9453F0AD}.Debug|Any CPU.Build.0 = Debug|Any CPU
		{1B7D88B2-45E3-43C4-9F4A-3FDE9453F0AD}.Release|Any CPU.ActiveCfg = Release|Any CPU
		{1B7D88B2-45E3-43C4-9F4A-3FDE9453F0AD}.Release|Any CPU.Build.0 = Release|Any CPU
		{3BFE34FD-5124-4569-8ADD-0F7285063A7F}.Debug|Any CPU.ActiveCfg = Debug|Any CPU
		{3BFE34FD-5124-4569-8ADD-0F7285063A7F}.Debug|Any CPU.Build.0 = Debug|Any CPU
		{3BFE34FD-5124-4569-8ADD-0F7285063A7F}.Release|Any CPU.ActiveCfg = Release|Any CPU
		{3BFE34FD-5124-4569-8ADD-0F7285063A7F}.Release|Any CPU.Build.0 = Release|Any CPU
		{18F8D689-0B5A-490C-9772-85D78C2D6E66}.Debug|Any CPU.ActiveCfg = Debug|Any CPU
		{18F8D689-0B5A-490C-9772-85D78C2D6E66}.Debug|Any CPU.Build.0 = Debug|Any CPU
		{18F8D689-0B5A-490C-9772-85D78C2D6E66}.Release|Any CPU.ActiveCfg = Release|Any CPU
		{18F8D689-0B5A-490C-9772-85D78C2D6E66}.Release|Any CPU.Build.0 = Release|Any CPU
		{3F85F27A-B9DF-4E61-9337-F2F925AE59A3}.Debug|Any CPU.ActiveCfg = Debug|Any CPU
		{3F85F27A-B9DF-4E61-9337-F2F925AE59A3}.Debug|Any CPU.Build.0 = Debug|Any CPU
		{3F85F27A-B9DF-4E61-9337-F2F925AE59A3}.Release|Any CPU.ActiveCfg = Release|Any CPU
		{3F85F27A-B9DF-4E61-9337-F2F925AE59A3}.Release|Any CPU.Build.0 = Release|Any CPU
		{0D93F8C5-BC7F-4EDF-BA65-7264B0D17035}.Debug|Any CPU.ActiveCfg = Debug|Any CPU
		{0D93F8C5-BC7F-4EDF-BA65-7264B0D17035}.Debug|Any CPU.Build.0 = Debug|Any CPU
		{0D93F8C5-BC7F-4EDF-BA65-7264B0D17035}.Release|Any CPU.ActiveCfg = Release|Any CPU
		{0D93F8C5-BC7F-4EDF-BA65-7264B0D17035}.Release|Any CPU.Build.0 = Release|Any CPU
		{9D91992D-3136-4545-904B-EF128DA4C10B}.Debug|Any CPU.ActiveCfg = Debug|Any CPU
		{9D91992D-3136-4545-904B-EF128DA4C10B}.Debug|Any CPU.Build.0 = Debug|Any CPU
		{9D91992D-3136-4545-904B-EF128DA4C10B}.Release|Any CPU.ActiveCfg = Release|Any CPU
		{9D91992D-3136-4545-904B-EF128DA4C10B}.Release|Any CPU.Build.0 = Release|Any CPU
		{EEEC5D76-8E2E-4C20-9FA5-24CDFFB9834D}.Debug|Any CPU.ActiveCfg = Debug|Any CPU
		{EEEC5D76-8E2E-4C20-9FA5-24CDFFB9834D}.Debug|Any CPU.Build.0 = Debug|Any CPU
		{EEEC5D76-8E2E-4C20-9FA5-24CDFFB9834D}.Release|Any CPU.ActiveCfg = Release|Any CPU
		{EEEC5D76-8E2E-4C20-9FA5-24CDFFB9834D}.Release|Any CPU.Build.0 = Release|Any CPU
	EndGlobalSection
	GlobalSection(SolutionProperties) = preSolution
		HideSolutionNode = FALSE
	EndGlobalSection
	GlobalSection(NestedProjects) = preSolution
		{760D8AC2-46A3-4A5B-AE19-14FA105483EB} = {F9E9D118-873F-400A-8272-B3C27569F363}
		{DD1C3532-ABF3-4AA2-8292-9B1B46964339} = {760D8AC2-46A3-4A5B-AE19-14FA105483EB}
		{75218CE6-A6D3-459F-87CD-98698518050B} = {760D8AC2-46A3-4A5B-AE19-14FA105483EB}
		{3EA7EB19-E763-4EBF-B20F-B5729098664A} = {760D8AC2-46A3-4A5B-AE19-14FA105483EB}
		{FC95D7CF-D164-468E-84C4-1FEBAED77CEB} = {760D8AC2-46A3-4A5B-AE19-14FA105483EB}
		{C0FC3BE0-ECD1-472F-928B-4CF490F92457} = {240A90B0-9710-4878-8A40-0E66E757FA1F}
		{DF7B46F5-A629-4A1F-AF20-6E62FEF2B2A2} = {C0FC3BE0-ECD1-472F-928B-4CF490F92457}
		{E814E405-880E-4A7D-AE43-104630929D7B} = {C0FC3BE0-ECD1-472F-928B-4CF490F92457}
	EndGlobalSection
	GlobalSection(ExtensibilityGlobals) = postSolution
		SolutionGuid = {808286E1-6B17-4C22-9467-26A39F3E412F}
	EndGlobalSection
EndGlobal
