
Microsoft Visual Studio Solution File, Format Version 12.00
# Visual Studio 15
VisualStudioVersion = 15.0.28307.168
MinimumVisualStudioVersion = 10.0.40219.1
Project("{FAE04EC0-301F-11D3-BF4B-00C04F79EFBC}") = "WindowsFormsApp6", "WindowsFormsApp6\WindowsFormsApp6.csproj", "{79C3258F-0499-4333-AE14-A8121B7375DC}"
EndProject
Project("{FAE04EC0-301F-11D3-BF4B-00C04F79EFBC}") = "ServerScoreStoring", "ServerScoreStoring\ServerScoreStoring.csproj", "{FB8FA55D-C7C1-4EBC-9014-83D9A55B7708}"
EndProject
Project("{FAE04EC0-301F-11D3-BF4B-00C04F79EFBC}") = "SharedClasses", "SharedClasses\SharedClasses.csproj", "{144DC221-0F4A-49C4-BBB4-485035D1ACAD}"
EndProject
Global
	GlobalSection(SolutionConfigurationPlatforms) = preSolution
		Debug|Any CPU = Debug|Any CPU
		Release|Any CPU = Release|Any CPU
	EndGlobalSection
	GlobalSection(ProjectConfigurationPlatforms) = postSolution
		{79C3258F-0499-4333-AE14-A8121B7375DC}.Debug|Any CPU.ActiveCfg = Debug|Any CPU
		{79C3258F-0499-4333-AE14-A8121B7375DC}.Debug|Any CPU.Build.0 = Debug|Any CPU
		{79C3258F-0499-4333-AE14-A8121B7375DC}.Release|Any CPU.ActiveCfg = Release|Any CPU
		{79C3258F-0499-4333-AE14-A8121B7375DC}.Release|Any CPU.Build.0 = Release|Any CPU
		{FB8FA55D-C7C1-4EBC-9014-83D9A55B7708}.Debug|Any CPU.ActiveCfg = Debug|Any CPU
		{FB8FA55D-C7C1-4EBC-9014-83D9A55B7708}.Debug|Any CPU.Build.0 = Debug|Any CPU
		{FB8FA55D-C7C1-4EBC-9014-83D9A55B7708}.Release|Any CPU.ActiveCfg = Release|Any CPU
		{FB8FA55D-C7C1-4EBC-9014-83D9A55B7708}.Release|Any CPU.Build.0 = Release|Any CPU
		{144DC221-0F4A-49C4-BBB4-485035D1ACAD}.Debug|Any CPU.ActiveCfg = Debug|Any CPU
		{144DC221-0F4A-49C4-BBB4-485035D1ACAD}.Debug|Any CPU.Build.0 = Debug|Any CPU
		{144DC221-0F4A-49C4-BBB4-485035D1ACAD}.Release|Any CPU.ActiveCfg = Release|Any CPU
		{144DC221-0F4A-49C4-BBB4-485035D1ACAD}.Release|Any CPU.Build.0 = Release|Any CPU
	EndGlobalSection
	GlobalSection(SolutionProperties) = preSolution
		HideSolutionNode = FALSE
	EndGlobalSection
	GlobalSection(ExtensibilityGlobals) = postSolution
		SolutionGuid = {76CC82A8-1929-4CA1-BDE6-DD19357E7278}
	EndGlobalSection
EndGlobal
